
Microsoft Visual Studio Solution File, Format Version 12.00
# Visual Studio 15
VisualStudioVersion = 15.0.27428.2043
MinimumVisualStudioVersion = 10.0.40219.1
Project("{FAE04EC0-301F-11D3-BF4B-00C04F79EFBC}") = "TemperatureSensor", "TemperatureSensor\TemperatureSensor.csproj", "{62C3ABC5-8177-4D14-A1C5-E0D4A42C5B48}"
EndProject
Global
	GlobalSection(SolutionConfigurationPlatforms) = preSolution
		Debug|Any CPU = Debug|Any CPU
		Release|Any CPU = Release|Any CPU
	EndGlobalSection
	GlobalSection(ProjectConfigurationPlatforms) = postSolution
		{62C3ABC5-8177-4D14-A1C5-E0D4A42C5B48}.Debug|Any CPU.ActiveCfg = Debug|Any CPU
		{62C3ABC5-8177-4D14-A1C5-E0D4A42C5B48}.Debug|Any CPU.Build.0 = Debug|Any CPU
		{62C3ABC5-8177-4D14-A1C5-E0D4A42C5B48}.Release|Any CPU.ActiveCfg = Release|Any CPU
		{62C3ABC5-8177-4D14-A1C5-E0D4A42C5B48}.Release|Any CPU.Build.0 = Release|Any CPU
	EndGlobalSection
	GlobalSection(SolutionProperties) = preSolution
		HideSolutionNode = FALSE
	EndGlobalSection
	GlobalSection(ExtensibilityGlobals) = postSolution
		SolutionGuid = {C2A9E837-601B-4F7B-AD7E-CF45DDA15C92}
	EndGlobalSection
EndGlobal
