
Microsoft Visual Studio Solution File, Format Version 12.00
# Visual Studio 15
VisualStudioVersion = 15.0.27428.2043
MinimumVisualStudioVersion = 10.0.40219.1
Project("{8BC9CEB8-8B4A-11D0-8D11-00A0C91BC942}") = "Password", "Password\Password.vcxproj", "{4162FC8A-007E-4498-AF24-9ECC8B918040}"
EndProject
Global
	GlobalSection(SolutionConfigurationPlatforms) = preSolution
		Debug|x64 = Debug|x64
		Debug|x86 = Debug|x86
		Release|x64 = Release|x64
		Release|x86 = Release|x86
	EndGlobalSection
	GlobalSection(ProjectConfigurationPlatforms) = postSolution
		{4162FC8A-007E-4498-AF24-9ECC8B918040}.Debug|x64.ActiveCfg = Debug|x64
		{4162FC8A-007E-4498-AF24-9ECC8B918040}.Debug|x64.Build.0 = Debug|x64
		{4162FC8A-007E-4498-AF24-9ECC8B918040}.Debug|x86.ActiveCfg = Debug|Win32
		{4162FC8A-007E-4498-AF24-9ECC8B918040}.Debug|x86.Build.0 = Debug|Win32
		{4162FC8A-007E-4498-AF24-9ECC8B918040}.Release|x64.ActiveCfg = Release|x64
		{4162FC8A-007E-4498-AF24-9ECC8B918040}.Release|x64.Build.0 = Release|x64
		{4162FC8A-007E-4498-AF24-9ECC8B918040}.Release|x86.ActiveCfg = Release|Win32
		{4162FC8A-007E-4498-AF24-9ECC8B918040}.Release|x86.Build.0 = Release|Win32
	EndGlobalSection
	GlobalSection(SolutionProperties) = preSolution
		HideSolutionNode = FALSE
	EndGlobalSection
	GlobalSection(ExtensibilityGlobals) = postSolution
		SolutionGuid = {7B23E1C0-6A72-4F33-98FB-9A335CC1A79B}
	EndGlobalSection
EndGlobal
